
Microsoft Visual Studio Solution File, Format Version 12.00
# Visual Studio 14
VisualStudioVersion = 14.0.25420.1
MinimumVisualStudioVersion = 10.0.40219.1
Project("{FAE04EC0-301F-11D3-BF4B-00C04F79EFBC}") = "ezHomeMaint", "ezHomeMaint\ezHomeMaint.csproj", "{E0ADC2C4-4372-4B34-A2AE-B5120679450B}"
EndProject
Global
	GlobalSection(SolutionConfigurationPlatforms) = preSolution
		Debug|Any CPU = Debug|Any CPU
		Release|Any CPU = Release|Any CPU
	EndGlobalSection
	GlobalSection(ProjectConfigurationPlatforms) = postSolution
		{E0ADC2C4-4372-4B34-A2AE-B5120679450B}.Debug|Any CPU.ActiveCfg = Debug|Any CPU
		{E0ADC2C4-4372-4B34-A2AE-B5120679450B}.Debug|Any CPU.Build.0 = Debug|Any CPU
		{E0ADC2C4-4372-4B34-A2AE-B5120679450B}.Release|Any CPU.ActiveCfg = Release|Any CPU
		{E0ADC2C4-4372-4B34-A2AE-B5120679450B}.Release|Any CPU.Build.0 = Release|Any CPU
	EndGlobalSection
	GlobalSection(SolutionProperties) = preSolution
		HideSolutionNode = FALSE
	EndGlobalSection
EndGlobal
